
Microsoft Visual Studio Solution File, Format Version 12.00
# Visual Studio 14
VisualStudioVersion = 14.0.25420.1
MinimumVisualStudioVersion = 10.0.40219.1
Project("{2150E333-8FDC-42A3-9474-1A3956D46DE8}") = "src", "src", "{9331DF8A-3E85-4A9B-9F23-B00C397AC4C7}"
EndProject
Project("{2150E333-8FDC-42A3-9474-1A3956D46DE8}") = "Solution Items", "Solution Items", "{1D612A02-4789-4D25-9FD7-689480EAF0FA}"
	ProjectSection(SolutionItems) = preProject
		global.json = global.json
	EndProjectSection
EndProject
Project("{8BB2217D-0F2D-49D1-97BC-3654ED321F3B}") = "Tournament", "src\Tournament\Tournament.xproj", "{7DE5B196-B81B-4EEE-BA9C-1D4810C27BFE}"
EndProject
Global
	GlobalSection(SolutionConfigurationPlatforms) = preSolution
		Debug|Any CPU = Debug|Any CPU
		Release|Any CPU = Release|Any CPU
	EndGlobalSection
	GlobalSection(ProjectConfigurationPlatforms) = postSolution
		{7DE5B196-B81B-4EEE-BA9C-1D4810C27BFE}.Debug|Any CPU.ActiveCfg = Debug|Any CPU
		{7DE5B196-B81B-4EEE-BA9C-1D4810C27BFE}.Debug|Any CPU.Build.0 = Debug|Any CPU
		{7DE5B196-B81B-4EEE-BA9C-1D4810C27BFE}.Release|Any CPU.ActiveCfg = Release|Any CPU
		{7DE5B196-B81B-4EEE-BA9C-1D4810C27BFE}.Release|Any CPU.Build.0 = Release|Any CPU
	EndGlobalSection
	GlobalSection(SolutionProperties) = preSolution
		HideSolutionNode = FALSE
	EndGlobalSection
	GlobalSection(NestedProjects) = preSolution
		{7DE5B196-B81B-4EEE-BA9C-1D4810C27BFE} = {9331DF8A-3E85-4A9B-9F23-B00C397AC4C7}
	EndGlobalSection
EndGlobal
